
Microsoft Visual Studio Solution File, Format Version 12.00
# Visual Studio Version 17
VisualStudioVersion = 17.0.31903.59
MinimumVisualStudioVersion = 10.0.40219.1
Project("{2150E333-8FDC-42A3-9474-1A3956D46DE8}") = "src", "src", "{3A654C76-9569-4E99-85BE-1FC3221077CE}"
EndProject
Project("{FAE04EC0-301F-11D3-BF4B-00C04F79EFBC}") = "MonoStore.Api", "src\MonoStore.Api\MonoStore.Api.csproj", "{5FC876A8-D9CF-46AB-95FD-3B267396E4D8}"
EndProject
Project("{2150E333-8FDC-42A3-9474-1A3956D46DE8}") = "cart", "cart", "{E7C332E8-9DF0-4A98-8498-A3CB226EA9AD}"
EndProject
Project("{FAE04EC0-301F-11D3-BF4B-00C04F79EFBC}") = "MonoStore.Cart.Tests", "src\cart\MonoStore.Cart.Tests\MonoStore.Cart.Tests.csproj", "{8B1125D1-35E7-4502-9CBB-789D1D8E6506}"
EndProject
Project("{2150E333-8FDC-42A3-9474-1A3956D46DE8}") = "product", "product", "{0F9AA03B-CC94-478A-8B34-59851DF2563E}"
EndProject
Project("{2150E333-8FDC-42A3-9474-1A3956D46DE8}") = "aspire", "aspire", "{F796A338-793F-4475-91A5-80D28DE7D32F}"
EndProject
Project("{FAE04EC0-301F-11D3-BF4B-00C04F79EFBC}") = "MonoStore.AppHost", "src\aspire\MonoStore.AppHost\MonoStore.AppHost.csproj", "{35C1F3C4-5AAB-4F65-B6F0-627ACD7131B7}"
EndProject
Project("{FAE04EC0-301F-11D3-BF4B-00C04F79EFBC}") = "MonoStore.ServiceDefaults", "src\aspire\MonoStore.ServiceDefaults\MonoStore.ServiceDefaults.csproj", "{82C5068E-354A-46B6-A5C5-38B35422F9F3}"
EndProject
Project("{2150E333-8FDC-42A3-9474-1A3956D46DE8}") = "infrastructure", "infrastructure", "{DA454B91-38C1-43F3-B0E3-A637A771DE73}"
EndProject
Project("{FAE04EC0-301F-11D3-BF4B-00C04F79EFBC}") = "MonoStore.Marten", "src\infrastructure\MonoStore.Marten\MonoStore.Marten.csproj", "{6A03E5E5-CE63-41B3-9821-47974C3FFB4A}"
EndProject
Project("{FAE04EC0-301F-11D3-BF4B-00C04F79EFBC}") = "MonoStore.Product.Domain", "src\product\MonoStore.Product.Domain\MonoStore.Product.Domain.csproj", "{E2E1C6CB-5D6D-4194-A040-41350A5F99C1}"
EndProject
Project("{FAE04EC0-301F-11D3-BF4B-00C04F79EFBC}") = "MonoStore.Product.Tests", "src\product\MonoStore.Product.Tests\MonoStore.Product.Tests.csproj", "{5CB0BD81-AE8B-4317-8E3C-B79C57666931}"
EndProject
Project("{2150E333-8FDC-42A3-9474-1A3956D46DE8}") = "orleans", "orleans", "{3EE50FB5-30E3-4537-97B2-FDBCF9EB3CF0}"
EndProject
Project("{FAE04EC0-301F-11D3-BF4B-00C04F79EFBC}") = "MonoStore.Orelans.Dashboard", "src\orleans\MonoStore.Orelans.Dashboard\MonoStore.Orelans.Dashboard.csproj", "{BCA5BA73-5240-4931-9A6B-3FB1B57D10FE}"
EndProject
Project("{FAE04EC0-301F-11D3-BF4B-00C04F79EFBC}") = "MonoStore.Cart.Api", "src\cart\MonoStore.Cart.Api\MonoStore.Cart.Api.csproj", "{C7EAA5EA-705C-4CDE-9AD5-447AE774D9C1}"
EndProject
Project("{FAE04EC0-301F-11D3-BF4B-00C04F79EFBC}") = "MonoStore.Product.Api", "src\product\MonoStore.Product.Api\MonoStore.Product.Api.csproj", "{AC655DD4-6243-4A68-B357-85AE9E34DBBB}"
EndProject
Project("{2150E333-8FDC-42A3-9474-1A3956D46DE8}") = "playground", "playground", "{EC771137-1D00-4EBC-A325-33D1EF0618C7}"
EndProject
Project("{FAE04EC0-301F-11D3-BF4B-00C04F79EFBC}") = "MonoStore.PlayConsole", "src\playground\MonoStore.PlayConsole\MonoStore.PlayConsole.csproj", "{5398BD6D-9920-4A31-A67A-61C10BD21CD4}"
EndProject
Project("{FAE04EC0-301F-11D3-BF4B-00C04F79EFBC}") = "Dummy", "src\Dummy\Dummy.csproj", "{42225EB4-72CE-4395-99CD-00A1ED876CEB}"
EndProject
Project("{2150E333-8FDC-42A3-9474-1A3956D46DE8}") = "checkout", "checkout", "{8E6D4B8C-7F8A-441A-9402-4041529F24D7}"
EndProject
Project("{FAE04EC0-301F-11D3-BF4B-00C04F79EFBC}") = "MonoStore.Checkout.Api", "src\checkout\MonoStore.Checkout.Api\MonoStore.Checkout.Api.csproj", "{47BDA60A-783F-4796-B50E-C5C1EF4233DE}"
EndProject
Project("{FAE04EC0-301F-11D3-BF4B-00C04F79EFBC}") = "MonoStore.Checkout.Tests", "src\checkout\MonoStore.Checkout.Tests\MonoStore.Checkout.Tests.csproj", "{EDE4EAC6-346E-4C9C-85B5-6B6BC83F054F}"
EndProject
Project("{FAE04EC0-301F-11D3-BF4B-00C04F79EFBC}") = "Monostore.Orleans", "src\infrastructure\Monostore.Orleans\Monostore.Orleans.csproj", "{A4FA4F38-AFA4-4820-9C85-10942D2404E7}"
EndProject
Project("{FAE04EC0-301F-11D3-BF4B-00C04F79EFBC}") = "Monostore.Infrastructure.Hosting", "src\infrastructure\Monostore.Infrastructure.Hosting\Monostore.Infrastructure.Hosting.csproj", "{504364CE-ED1B-4B7A-9006-B3739FE197A7}"
EndProject
Project("{FAE04EC0-301F-11D3-BF4B-00C04F79EFBC}") = "Monostore.Infrastructure.Contracts", "src\infrastructure\Monostore.Infrastructure.Contracts\Monostore.Infrastructure.Contracts.csproj", "{03C18DC2-9287-46C9-908E-A966C8CE9F90}"
EndProject
Project("{FAE04EC0-301F-11D3-BF4B-00C04F79EFBC}") = "MonoStore.Cart.Domain", "src\cart\MonoStore.Cart.Domain\MonoStore.Cart.Domain.csproj", "{DBF8757D-DDA8-43E7-A243-8171538E43E0}"
EndProject
Project("{FAE04EC0-301F-11D3-BF4B-00C04F79EFBC}") = "MonoStore.Checkout.Domain", "src\checkout\MonoStore.Checkout.Domain\MonoStore.Checkout.Domain.csproj", "{F151A8DD-3D93-4724-AC21-4AD06B897D7D}"
EndProject
Project("{FAE04EC0-301F-11D3-BF4B-00C04F79EFBC}") = "MonoStore.Contracts", "src\MonoStore.Contracts\MonoStore.Contracts.csproj", "{69C08FAD-0DF4-4325-9B5D-93530FEC2559}"
EndProject
Project("{FAE04EC0-301F-11D3-BF4B-00C04F79EFBC}") = "MonoStore.Service", "src\MonoStore.Service\MonoStore.Service.csproj", "{AE37A5A6-83CA-4A4A-9489-3D04D659B8EB}"
EndProject
Global
	GlobalSection(SolutionConfigurationPlatforms) = preSolution
		Debug|Any CPU = Debug|Any CPU
		Release|Any CPU = Release|Any CPU
	EndGlobalSection
	GlobalSection(SolutionProperties) = preSolution
		HideSolutionNode = FALSE
	EndGlobalSection
	GlobalSection(ProjectConfigurationPlatforms) = postSolution
		{5FC876A8-D9CF-46AB-95FD-3B267396E4D8}.Debug|Any CPU.ActiveCfg = Debug|Any CPU
		{5FC876A8-D9CF-46AB-95FD-3B267396E4D8}.Debug|Any CPU.Build.0 = Debug|Any CPU
		{5FC876A8-D9CF-46AB-95FD-3B267396E4D8}.Release|Any CPU.ActiveCfg = Release|Any CPU
		{5FC876A8-D9CF-46AB-95FD-3B267396E4D8}.Release|Any CPU.Build.0 = Release|Any CPU
		{8B1125D1-35E7-4502-9CBB-789D1D8E6506}.Debug|Any CPU.ActiveCfg = Debug|Any CPU
		{8B1125D1-35E7-4502-9CBB-789D1D8E6506}.Debug|Any CPU.Build.0 = Debug|Any CPU
		{8B1125D1-35E7-4502-9CBB-789D1D8E6506}.Release|Any CPU.ActiveCfg = Release|Any CPU
		{8B1125D1-35E7-4502-9CBB-789D1D8E6506}.Release|Any CPU.Build.0 = Release|Any CPU
		{35C1F3C4-5AAB-4F65-B6F0-627ACD7131B7}.Debug|Any CPU.ActiveCfg = Debug|Any CPU
		{35C1F3C4-5AAB-4F65-B6F0-627ACD7131B7}.Debug|Any CPU.Build.0 = Debug|Any CPU
		{35C1F3C4-5AAB-4F65-B6F0-627ACD7131B7}.Release|Any CPU.ActiveCfg = Release|Any CPU
		{35C1F3C4-5AAB-4F65-B6F0-627ACD7131B7}.Release|Any CPU.Build.0 = Release|Any CPU
		{82C5068E-354A-46B6-A5C5-38B35422F9F3}.Debug|Any CPU.ActiveCfg = Debug|Any CPU
		{82C5068E-354A-46B6-A5C5-38B35422F9F3}.Debug|Any CPU.Build.0 = Debug|Any CPU
		{82C5068E-354A-46B6-A5C5-38B35422F9F3}.Release|Any CPU.ActiveCfg = Release|Any CPU
		{82C5068E-354A-46B6-A5C5-38B35422F9F3}.Release|Any CPU.Build.0 = Release|Any CPU
		{6A03E5E5-CE63-41B3-9821-47974C3FFB4A}.Debug|Any CPU.ActiveCfg = Debug|Any CPU
		{6A03E5E5-CE63-41B3-9821-47974C3FFB4A}.Debug|Any CPU.Build.0 = Debug|Any CPU
		{6A03E5E5-CE63-41B3-9821-47974C3FFB4A}.Release|Any CPU.ActiveCfg = Release|Any CPU
		{6A03E5E5-CE63-41B3-9821-47974C3FFB4A}.Release|Any CPU.Build.0 = Release|Any CPU
		{E2E1C6CB-5D6D-4194-A040-41350A5F99C1}.Debug|Any CPU.ActiveCfg = Debug|Any CPU
		{E2E1C6CB-5D6D-4194-A040-41350A5F99C1}.Debug|Any CPU.Build.0 = Debug|Any CPU
		{E2E1C6CB-5D6D-4194-A040-41350A5F99C1}.Release|Any CPU.ActiveCfg = Release|Any CPU
		{E2E1C6CB-5D6D-4194-A040-41350A5F99C1}.Release|Any CPU.Build.0 = Release|Any CPU
		{5CB0BD81-AE8B-4317-8E3C-B79C57666931}.Debug|Any CPU.ActiveCfg = Debug|Any CPU
		{5CB0BD81-AE8B-4317-8E3C-B79C57666931}.Debug|Any CPU.Build.0 = Debug|Any CPU
		{5CB0BD81-AE8B-4317-8E3C-B79C57666931}.Release|Any CPU.ActiveCfg = Release|Any CPU
		{5CB0BD81-AE8B-4317-8E3C-B79C57666931}.Release|Any CPU.Build.0 = Release|Any CPU
		{BCA5BA73-5240-4931-9A6B-3FB1B57D10FE}.Debug|Any CPU.ActiveCfg = Debug|Any CPU
		{BCA5BA73-5240-4931-9A6B-3FB1B57D10FE}.Debug|Any CPU.Build.0 = Debug|Any CPU
		{BCA5BA73-5240-4931-9A6B-3FB1B57D10FE}.Release|Any CPU.ActiveCfg = Release|Any CPU
		{BCA5BA73-5240-4931-9A6B-3FB1B57D10FE}.Release|Any CPU.Build.0 = Release|Any CPU
		{C7EAA5EA-705C-4CDE-9AD5-447AE774D9C1}.Debug|Any CPU.ActiveCfg = Debug|Any CPU
		{C7EAA5EA-705C-4CDE-9AD5-447AE774D9C1}.Debug|Any CPU.Build.0 = Debug|Any CPU
		{C7EAA5EA-705C-4CDE-9AD5-447AE774D9C1}.Release|Any CPU.ActiveCfg = Release|Any CPU
		{C7EAA5EA-705C-4CDE-9AD5-447AE774D9C1}.Release|Any CPU.Build.0 = Release|Any CPU
		{AC655DD4-6243-4A68-B357-85AE9E34DBBB}.Debug|Any CPU.ActiveCfg = Debug|Any CPU
		{AC655DD4-6243-4A68-B357-85AE9E34DBBB}.Debug|Any CPU.Build.0 = Debug|Any CPU
		{AC655DD4-6243-4A68-B357-85AE9E34DBBB}.Release|Any CPU.ActiveCfg = Release|Any CPU
		{AC655DD4-6243-4A68-B357-85AE9E34DBBB}.Release|Any CPU.Build.0 = Release|Any CPU
		{5398BD6D-9920-4A31-A67A-61C10BD21CD4}.Debug|Any CPU.ActiveCfg = Debug|Any CPU
		{5398BD6D-9920-4A31-A67A-61C10BD21CD4}.Debug|Any CPU.Build.0 = Debug|Any CPU
		{5398BD6D-9920-4A31-A67A-61C10BD21CD4}.Release|Any CPU.ActiveCfg = Release|Any CPU
		{5398BD6D-9920-4A31-A67A-61C10BD21CD4}.Release|Any CPU.Build.0 = Release|Any CPU
		{42225EB4-72CE-4395-99CD-00A1ED876CEB}.Debug|Any CPU.ActiveCfg = Debug|Any CPU
		{42225EB4-72CE-4395-99CD-00A1ED876CEB}.Debug|Any CPU.Build.0 = Debug|Any CPU
		{42225EB4-72CE-4395-99CD-00A1ED876CEB}.Release|Any CPU.ActiveCfg = Release|Any CPU
		{42225EB4-72CE-4395-99CD-00A1ED876CEB}.Release|Any CPU.Build.0 = Release|Any CPU
		{47BDA60A-783F-4796-B50E-C5C1EF4233DE}.Debug|Any CPU.ActiveCfg = Debug|Any CPU
		{47BDA60A-783F-4796-B50E-C5C1EF4233DE}.Debug|Any CPU.Build.0 = Debug|Any CPU
		{47BDA60A-783F-4796-B50E-C5C1EF4233DE}.Release|Any CPU.ActiveCfg = Release|Any CPU
		{47BDA60A-783F-4796-B50E-C5C1EF4233DE}.Release|Any CPU.Build.0 = Release|Any CPU
		{EDE4EAC6-346E-4C9C-85B5-6B6BC83F054F}.Debug|Any CPU.ActiveCfg = Debug|Any CPU
		{EDE4EAC6-346E-4C9C-85B5-6B6BC83F054F}.Debug|Any CPU.Build.0 = Debug|Any CPU
		{EDE4EAC6-346E-4C9C-85B5-6B6BC83F054F}.Release|Any CPU.ActiveCfg = Release|Any CPU
		{EDE4EAC6-346E-4C9C-85B5-6B6BC83F054F}.Release|Any CPU.Build.0 = Release|Any CPU
		{A4FA4F38-AFA4-4820-9C85-10942D2404E7}.Debug|Any CPU.ActiveCfg = Debug|Any CPU
		{A4FA4F38-AFA4-4820-9C85-10942D2404E7}.Debug|Any CPU.Build.0 = Debug|Any CPU
		{A4FA4F38-AFA4-4820-9C85-10942D2404E7}.Release|Any CPU.ActiveCfg = Release|Any CPU
		{A4FA4F38-AFA4-4820-9C85-10942D2404E7}.Release|Any CPU.Build.0 = Release|Any CPU
		{504364CE-ED1B-4B7A-9006-B3739FE197A7}.Debug|Any CPU.ActiveCfg = Debug|Any CPU
		{504364CE-ED1B-4B7A-9006-B3739FE197A7}.Debug|Any CPU.Build.0 = Debug|Any CPU
		{504364CE-ED1B-4B7A-9006-B3739FE197A7}.Release|Any CPU.ActiveCfg = Release|Any CPU
		{504364CE-ED1B-4B7A-9006-B3739FE197A7}.Release|Any CPU.Build.0 = Release|Any CPU
		{03C18DC2-9287-46C9-908E-A966C8CE9F90}.Debug|Any CPU.ActiveCfg = Debug|Any CPU
		{03C18DC2-9287-46C9-908E-A966C8CE9F90}.Debug|Any CPU.Build.0 = Debug|Any CPU
		{03C18DC2-9287-46C9-908E-A966C8CE9F90}.Release|Any CPU.ActiveCfg = Release|Any CPU
		{03C18DC2-9287-46C9-908E-A966C8CE9F90}.Release|Any CPU.Build.0 = Release|Any CPU
		{DBF8757D-DDA8-43E7-A243-8171538E43E0}.Debug|Any CPU.ActiveCfg = Debug|Any CPU
		{DBF8757D-DDA8-43E7-A243-8171538E43E0}.Debug|Any CPU.Build.0 = Debug|Any CPU
		{DBF8757D-DDA8-43E7-A243-8171538E43E0}.Release|Any CPU.ActiveCfg = Release|Any CPU
		{DBF8757D-DDA8-43E7-A243-8171538E43E0}.Release|Any CPU.Build.0 = Release|Any CPU
		{F151A8DD-3D93-4724-AC21-4AD06B897D7D}.Debug|Any CPU.ActiveCfg = Debug|Any CPU
		{F151A8DD-3D93-4724-AC21-4AD06B897D7D}.Debug|Any CPU.Build.0 = Debug|Any CPU
		{F151A8DD-3D93-4724-AC21-4AD06B897D7D}.Release|Any CPU.ActiveCfg = Release|Any CPU
		{F151A8DD-3D93-4724-AC21-4AD06B897D7D}.Release|Any CPU.Build.0 = Release|Any CPU
		{69C08FAD-0DF4-4325-9B5D-93530FEC2559}.Debug|Any CPU.ActiveCfg = Debug|Any CPU
		{69C08FAD-0DF4-4325-9B5D-93530FEC2559}.Debug|Any CPU.Build.0 = Debug|Any CPU
		{69C08FAD-0DF4-4325-9B5D-93530FEC2559}.Release|Any CPU.ActiveCfg = Release|Any CPU
		{69C08FAD-0DF4-4325-9B5D-93530FEC2559}.Release|Any CPU.Build.0 = Release|Any CPU
		{AE37A5A6-83CA-4A4A-9489-3D04D659B8EB}.Debug|Any CPU.ActiveCfg = Debug|Any CPU
		{AE37A5A6-83CA-4A4A-9489-3D04D659B8EB}.Debug|Any CPU.Build.0 = Debug|Any CPU
		{AE37A5A6-83CA-4A4A-9489-3D04D659B8EB}.Release|Any CPU.ActiveCfg = Release|Any CPU
		{AE37A5A6-83CA-4A4A-9489-3D04D659B8EB}.Release|Any CPU.Build.0 = Release|Any CPU
	EndGlobalSection
	GlobalSection(NestedProjects) = preSolution
		{DA454B91-38C1-43F3-B0E3-A637A771DE73} = {3A654C76-9569-4E99-85BE-1FC3221077CE}
		{0F9AA03B-CC94-478A-8B34-59851DF2563E} = {3A654C76-9569-4E99-85BE-1FC3221077CE}
		{5FC876A8-D9CF-46AB-95FD-3B267396E4D8} = {3A654C76-9569-4E99-85BE-1FC3221077CE}
		{E7C332E8-9DF0-4A98-8498-A3CB226EA9AD} = {3A654C76-9569-4E99-85BE-1FC3221077CE}
		{8B1125D1-35E7-4502-9CBB-789D1D8E6506} = {E7C332E8-9DF0-4A98-8498-A3CB226EA9AD}
		{F796A338-793F-4475-91A5-80D28DE7D32F} = {3A654C76-9569-4E99-85BE-1FC3221077CE}
		{35C1F3C4-5AAB-4F65-B6F0-627ACD7131B7} = {F796A338-793F-4475-91A5-80D28DE7D32F}
		{82C5068E-354A-46B6-A5C5-38B35422F9F3} = {F796A338-793F-4475-91A5-80D28DE7D32F}
		{6A03E5E5-CE63-41B3-9821-47974C3FFB4A} = {DA454B91-38C1-43F3-B0E3-A637A771DE73}
		{E2E1C6CB-5D6D-4194-A040-41350A5F99C1} = {0F9AA03B-CC94-478A-8B34-59851DF2563E}
		{5CB0BD81-AE8B-4317-8E3C-B79C57666931} = {0F9AA03B-CC94-478A-8B34-59851DF2563E}
		{3EE50FB5-30E3-4537-97B2-FDBCF9EB3CF0} = {3A654C76-9569-4E99-85BE-1FC3221077CE}
		{BCA5BA73-5240-4931-9A6B-3FB1B57D10FE} = {3EE50FB5-30E3-4537-97B2-FDBCF9EB3CF0}
		{C7EAA5EA-705C-4CDE-9AD5-447AE774D9C1} = {E7C332E8-9DF0-4A98-8498-A3CB226EA9AD}
		{AC655DD4-6243-4A68-B357-85AE9E34DBBB} = {0F9AA03B-CC94-478A-8B34-59851DF2563E}
		{EC771137-1D00-4EBC-A325-33D1EF0618C7} = {3A654C76-9569-4E99-85BE-1FC3221077CE}
		{5398BD6D-9920-4A31-A67A-61C10BD21CD4} = {EC771137-1D00-4EBC-A325-33D1EF0618C7}
		{42225EB4-72CE-4395-99CD-00A1ED876CEB} = {3A654C76-9569-4E99-85BE-1FC3221077CE}
		{8E6D4B8C-7F8A-441A-9402-4041529F24D7} = {3A654C76-9569-4E99-85BE-1FC3221077CE}
		{47BDA60A-783F-4796-B50E-C5C1EF4233DE} = {8E6D4B8C-7F8A-441A-9402-4041529F24D7}
		{EDE4EAC6-346E-4C9C-85B5-6B6BC83F054F} = {8E6D4B8C-7F8A-441A-9402-4041529F24D7}
		{A4FA4F38-AFA4-4820-9C85-10942D2404E7} = {DA454B91-38C1-43F3-B0E3-A637A771DE73}
		{504364CE-ED1B-4B7A-9006-B3739FE197A7} = {DA454B91-38C1-43F3-B0E3-A637A771DE73}
		{03C18DC2-9287-46C9-908E-A966C8CE9F90} = {DA454B91-38C1-43F3-B0E3-A637A771DE73}
		{DBF8757D-DDA8-43E7-A243-8171538E43E0} = {E7C332E8-9DF0-4A98-8498-A3CB226EA9AD}
		{F151A8DD-3D93-4724-AC21-4AD06B897D7D} = {8E6D4B8C-7F8A-441A-9402-4041529F24D7}
		{69C08FAD-0DF4-4325-9B5D-93530FEC2559} = {3A654C76-9569-4E99-85BE-1FC3221077CE}
		{AE37A5A6-83CA-4A4A-9489-3D04D659B8EB} = {3A654C76-9569-4E99-85BE-1FC3221077CE}
	EndGlobalSection
EndGlobal
