
Microsoft Visual Studio Solution File, Format Version 12.00
# Visual Studio Version 17
VisualStudioVersion = 17.0.31903.59
MinimumVisualStudioVersion = 10.0.40219.1
Project("{2150E333-8FDC-42A3-9474-1A3956D46DE8}") = "src", "src", "{3A654C76-9569-4E99-85BE-1FC3221077CE}"
EndProject
Project("{FAE04EC0-301F-11D3-BF4B-00C04F79EFBC}") = "MonoStore.Api", "src\MonoStore.Api\MonoStore.Api.csproj", "{5FC876A8-D9CF-46AB-95FD-3B267396E4D8}"
EndProject
Project("{2150E333-8FDC-42A3-9474-1A3956D46DE8}") = "cart", "cart", "{E7C332E8-9DF0-4A98-8498-A3CB226EA9AD}"
EndProject
Project("{FAE04EC0-301F-11D3-BF4B-00C04F79EFBC}") = "MonoStore.Cart.Module", "src\cart\MonoStore.Cart.Module\MonoStore.Cart.Module.csproj", "{AFC1CDA9-849B-4D64-A202-33FEF4F68F25}"
EndProject
Project("{FAE04EC0-301F-11D3-BF4B-00C04F79EFBC}") = "MonoStore.Cart.Tests", "src\cart\MonoStore.Cart.Tests\MonoStore.Cart.Tests.csproj", "{8B1125D1-35E7-4502-9CBB-789D1D8E6506}"
EndProject
Project("{FAE04EC0-301F-11D3-BF4B-00C04F79EFBC}") = "MonoStore.Cart.Contracts", "src\cart\MonoStore.Cart.Contracts\MonoStore.Cart.Contracts.csproj", "{2FA49A36-F8DD-4651-AE59-45C25CE86F2C}"
EndProject
Project("{2150E333-8FDC-42A3-9474-1A3956D46DE8}") = "product", "product", "{0F9AA03B-CC94-478A-8B34-59851DF2563E}"
EndProject
Project("{2150E333-8FDC-42A3-9474-1A3956D46DE8}") = "aspire", "aspire", "{F796A338-793F-4475-91A5-80D28DE7D32F}"
EndProject
Project("{FAE04EC0-301F-11D3-BF4B-00C04F79EFBC}") = "MonoStore.AppHost", "src\aspire\MonoStore.AppHost\MonoStore.AppHost.csproj", "{35C1F3C4-5AAB-4F65-B6F0-627ACD7131B7}"
EndProject
Project("{FAE04EC0-301F-11D3-BF4B-00C04F79EFBC}") = "MonoStore.ServiceDefaults", "src\aspire\MonoStore.ServiceDefaults\MonoStore.ServiceDefaults.csproj", "{82C5068E-354A-46B6-A5C5-38B35422F9F3}"
EndProject
Project("{2150E333-8FDC-42A3-9474-1A3956D46DE8}") = "infrastructure", "infrastructure", "{DA454B91-38C1-43F3-B0E3-A637A771DE73}"
EndProject
Project("{FAE04EC0-301F-11D3-BF4B-00C04F79EFBC}") = "MonoStore.Marten", "src\infrastructure\MonoStore.Marten\MonoStore.Marten.csproj", "{6A03E5E5-CE63-41B3-9821-47974C3FFB4A}"
EndProject
Project("{FAE04EC0-301F-11D3-BF4B-00C04F79EFBC}") = "MonoStore.Product.Contracts", "src\product\MonoStore.Product.Contracts\MonoStore.Product.Contracts.csproj", "{0E177EFC-15F7-454B-8A63-61D8F7DB9E14}"
EndProject
Project("{FAE04EC0-301F-11D3-BF4B-00C04F79EFBC}") = "MonoStore.Product.Module", "src\product\MonoStore.Product.Module\MonoStore.Product.Module.csproj", "{E2E1C6CB-5D6D-4194-A040-41350A5F99C1}"
EndProject
Project("{FAE04EC0-301F-11D3-BF4B-00C04F79EFBC}") = "MonoStore.Product.Tests", "src\product\MonoStore.Product.Tests\MonoStore.Product.Tests.csproj", "{5CB0BD81-AE8B-4317-8E3C-B79C57666931}"
EndProject
Project("{2150E333-8FDC-42A3-9474-1A3956D46DE8}") = "orleans", "orleans", "{3EE50FB5-30E3-4537-97B2-FDBCF9EB3CF0}"
EndProject
Project("{FAE04EC0-301F-11D3-BF4B-00C04F79EFBC}") = "MonoStore.Orelans.Dashboard", "src\orleans\MonoStore.Orelans.Dashboard\MonoStore.Orelans.Dashboard.csproj", "{BCA5BA73-5240-4931-9A6B-3FB1B57D10FE}"
EndProject
Project("{FAE04EC0-301F-11D3-BF4B-00C04F79EFBC}") = "MonoStore.Cart.Host", "src\cart\MonoStore.Cart.Host\MonoStore.Cart.Host.csproj", "{4BC5FE84-3B0F-4C94-8DB3-338E3A8B39AA}"
EndProject
Project("{FAE04EC0-301F-11D3-BF4B-00C04F79EFBC}") = "MonoStore.Product.Host", "src\product\MonoStore.Product.Host\MonoStore.Product.Host.csproj", "{14D1D57F-5E23-4FC4-9ED8-05307EA01C2B}"
EndProject
Project("{FAE04EC0-301F-11D3-BF4B-00C04F79EFBC}") = "MonoStore.Cart.Api", "src\cart\MonoStore.Cart.Api\MonoStore.Cart.Api.csproj", "{C7EAA5EA-705C-4CDE-9AD5-447AE774D9C1}"
EndProject
Project("{FAE04EC0-301F-11D3-BF4B-00C04F79EFBC}") = "MonoStore.Product.Api", "src\product\MonoStore.Product.Api\MonoStore.Product.Api.csproj", "{AC655DD4-6243-4A68-B357-85AE9E34DBBB}"
EndProject
Project("{2150E333-8FDC-42A3-9474-1A3956D46DE8}") = "playground", "playground", "{EC771137-1D00-4EBC-A325-33D1EF0618C7}"
EndProject
Project("{FAE04EC0-301F-11D3-BF4B-00C04F79EFBC}") = "MonoStore.PlayConsole", "src\playground\MonoStore.PlayConsole\MonoStore.PlayConsole.csproj", "{5398BD6D-9920-4A31-A67A-61C10BD21CD4}"
EndProject
Project("{FAE04EC0-301F-11D3-BF4B-00C04F79EFBC}") = "Dummy", "src\Dummy\Dummy.csproj", "{42225EB4-72CE-4395-99CD-00A1ED876CEB}"
EndProject
Global
	GlobalSection(SolutionConfigurationPlatforms) = preSolution
		Debug|Any CPU = Debug|Any CPU
		Release|Any CPU = Release|Any CPU
	EndGlobalSection
	GlobalSection(SolutionProperties) = preSolution
		HideSolutionNode = FALSE
	EndGlobalSection
	GlobalSection(ProjectConfigurationPlatforms) = postSolution
		{5FC876A8-D9CF-46AB-95FD-3B267396E4D8}.Debug|Any CPU.ActiveCfg = Debug|Any CPU
		{5FC876A8-D9CF-46AB-95FD-3B267396E4D8}.Debug|Any CPU.Build.0 = Debug|Any CPU
		{5FC876A8-D9CF-46AB-95FD-3B267396E4D8}.Release|Any CPU.ActiveCfg = Release|Any CPU
		{5FC876A8-D9CF-46AB-95FD-3B267396E4D8}.Release|Any CPU.Build.0 = Release|Any CPU
		{AFC1CDA9-849B-4D64-A202-33FEF4F68F25}.Debug|Any CPU.ActiveCfg = Debug|Any CPU
		{AFC1CDA9-849B-4D64-A202-33FEF4F68F25}.Debug|Any CPU.Build.0 = Debug|Any CPU
		{AFC1CDA9-849B-4D64-A202-33FEF4F68F25}.Release|Any CPU.ActiveCfg = Release|Any CPU
		{AFC1CDA9-849B-4D64-A202-33FEF4F68F25}.Release|Any CPU.Build.0 = Release|Any CPU
		{8B1125D1-35E7-4502-9CBB-789D1D8E6506}.Debug|Any CPU.ActiveCfg = Debug|Any CPU
		{8B1125D1-35E7-4502-9CBB-789D1D8E6506}.Debug|Any CPU.Build.0 = Debug|Any CPU
		{8B1125D1-35E7-4502-9CBB-789D1D8E6506}.Release|Any CPU.ActiveCfg = Release|Any CPU
		{8B1125D1-35E7-4502-9CBB-789D1D8E6506}.Release|Any CPU.Build.0 = Release|Any CPU
		{2FA49A36-F8DD-4651-AE59-45C25CE86F2C}.Debug|Any CPU.ActiveCfg = Debug|Any CPU
		{2FA49A36-F8DD-4651-AE59-45C25CE86F2C}.Debug|Any CPU.Build.0 = Debug|Any CPU
		{2FA49A36-F8DD-4651-AE59-45C25CE86F2C}.Release|Any CPU.ActiveCfg = Release|Any CPU
		{2FA49A36-F8DD-4651-AE59-45C25CE86F2C}.Release|Any CPU.Build.0 = Release|Any CPU
		{35C1F3C4-5AAB-4F65-B6F0-627ACD7131B7}.Debug|Any CPU.ActiveCfg = Debug|Any CPU
		{35C1F3C4-5AAB-4F65-B6F0-627ACD7131B7}.Debug|Any CPU.Build.0 = Debug|Any CPU
		{35C1F3C4-5AAB-4F65-B6F0-627ACD7131B7}.Release|Any CPU.ActiveCfg = Release|Any CPU
		{35C1F3C4-5AAB-4F65-B6F0-627ACD7131B7}.Release|Any CPU.Build.0 = Release|Any CPU
		{82C5068E-354A-46B6-A5C5-38B35422F9F3}.Debug|Any CPU.ActiveCfg = Debug|Any CPU
		{82C5068E-354A-46B6-A5C5-38B35422F9F3}.Debug|Any CPU.Build.0 = Debug|Any CPU
		{82C5068E-354A-46B6-A5C5-38B35422F9F3}.Release|Any CPU.ActiveCfg = Release|Any CPU
		{82C5068E-354A-46B6-A5C5-38B35422F9F3}.Release|Any CPU.Build.0 = Release|Any CPU
		{6A03E5E5-CE63-41B3-9821-47974C3FFB4A}.Debug|Any CPU.ActiveCfg = Debug|Any CPU
		{6A03E5E5-CE63-41B3-9821-47974C3FFB4A}.Debug|Any CPU.Build.0 = Debug|Any CPU
		{6A03E5E5-CE63-41B3-9821-47974C3FFB4A}.Release|Any CPU.ActiveCfg = Release|Any CPU
		{6A03E5E5-CE63-41B3-9821-47974C3FFB4A}.Release|Any CPU.Build.0 = Release|Any CPU
		{0E177EFC-15F7-454B-8A63-61D8F7DB9E14}.Debug|Any CPU.ActiveCfg = Debug|Any CPU
		{0E177EFC-15F7-454B-8A63-61D8F7DB9E14}.Debug|Any CPU.Build.0 = Debug|Any CPU
		{0E177EFC-15F7-454B-8A63-61D8F7DB9E14}.Release|Any CPU.ActiveCfg = Release|Any CPU
		{0E177EFC-15F7-454B-8A63-61D8F7DB9E14}.Release|Any CPU.Build.0 = Release|Any CPU
		{E2E1C6CB-5D6D-4194-A040-41350A5F99C1}.Debug|Any CPU.ActiveCfg = Debug|Any CPU
		{E2E1C6CB-5D6D-4194-A040-41350A5F99C1}.Debug|Any CPU.Build.0 = Debug|Any CPU
		{E2E1C6CB-5D6D-4194-A040-41350A5F99C1}.Release|Any CPU.ActiveCfg = Release|Any CPU
		{E2E1C6CB-5D6D-4194-A040-41350A5F99C1}.Release|Any CPU.Build.0 = Release|Any CPU
		{5CB0BD81-AE8B-4317-8E3C-B79C57666931}.Debug|Any CPU.ActiveCfg = Debug|Any CPU
		{5CB0BD81-AE8B-4317-8E3C-B79C57666931}.Debug|Any CPU.Build.0 = Debug|Any CPU
		{5CB0BD81-AE8B-4317-8E3C-B79C57666931}.Release|Any CPU.ActiveCfg = Release|Any CPU
		{5CB0BD81-AE8B-4317-8E3C-B79C57666931}.Release|Any CPU.Build.0 = Release|Any CPU
		{BCA5BA73-5240-4931-9A6B-3FB1B57D10FE}.Debug|Any CPU.ActiveCfg = Debug|Any CPU
		{BCA5BA73-5240-4931-9A6B-3FB1B57D10FE}.Debug|Any CPU.Build.0 = Debug|Any CPU
		{BCA5BA73-5240-4931-9A6B-3FB1B57D10FE}.Release|Any CPU.ActiveCfg = Release|Any CPU
		{BCA5BA73-5240-4931-9A6B-3FB1B57D10FE}.Release|Any CPU.Build.0 = Release|Any CPU
		{4BC5FE84-3B0F-4C94-8DB3-338E3A8B39AA}.Debug|Any CPU.ActiveCfg = Debug|Any CPU
		{4BC5FE84-3B0F-4C94-8DB3-338E3A8B39AA}.Debug|Any CPU.Build.0 = Debug|Any CPU
		{4BC5FE84-3B0F-4C94-8DB3-338E3A8B39AA}.Release|Any CPU.ActiveCfg = Release|Any CPU
		{4BC5FE84-3B0F-4C94-8DB3-338E3A8B39AA}.Release|Any CPU.Build.0 = Release|Any CPU
		{14D1D57F-5E23-4FC4-9ED8-05307EA01C2B}.Debug|Any CPU.ActiveCfg = Debug|Any CPU
		{14D1D57F-5E23-4FC4-9ED8-05307EA01C2B}.Debug|Any CPU.Build.0 = Debug|Any CPU
		{14D1D57F-5E23-4FC4-9ED8-05307EA01C2B}.Release|Any CPU.ActiveCfg = Release|Any CPU
		{14D1D57F-5E23-4FC4-9ED8-05307EA01C2B}.Release|Any CPU.Build.0 = Release|Any CPU
		{C7EAA5EA-705C-4CDE-9AD5-447AE774D9C1}.Debug|Any CPU.ActiveCfg = Debug|Any CPU
		{C7EAA5EA-705C-4CDE-9AD5-447AE774D9C1}.Debug|Any CPU.Build.0 = Debug|Any CPU
		{C7EAA5EA-705C-4CDE-9AD5-447AE774D9C1}.Release|Any CPU.ActiveCfg = Release|Any CPU
		{C7EAA5EA-705C-4CDE-9AD5-447AE774D9C1}.Release|Any CPU.Build.0 = Release|Any CPU
		{AC655DD4-6243-4A68-B357-85AE9E34DBBB}.Debug|Any CPU.ActiveCfg = Debug|Any CPU
		{AC655DD4-6243-4A68-B357-85AE9E34DBBB}.Debug|Any CPU.Build.0 = Debug|Any CPU
		{AC655DD4-6243-4A68-B357-85AE9E34DBBB}.Release|Any CPU.ActiveCfg = Release|Any CPU
		{AC655DD4-6243-4A68-B357-85AE9E34DBBB}.Release|Any CPU.Build.0 = Release|Any CPU
		{5398BD6D-9920-4A31-A67A-61C10BD21CD4}.Debug|Any CPU.ActiveCfg = Debug|Any CPU
		{5398BD6D-9920-4A31-A67A-61C10BD21CD4}.Debug|Any CPU.Build.0 = Debug|Any CPU
		{5398BD6D-9920-4A31-A67A-61C10BD21CD4}.Release|Any CPU.ActiveCfg = Release|Any CPU
		{5398BD6D-9920-4A31-A67A-61C10BD21CD4}.Release|Any CPU.Build.0 = Release|Any CPU
		{42225EB4-72CE-4395-99CD-00A1ED876CEB}.Debug|Any CPU.ActiveCfg = Debug|Any CPU
		{42225EB4-72CE-4395-99CD-00A1ED876CEB}.Debug|Any CPU.Build.0 = Debug|Any CPU
		{42225EB4-72CE-4395-99CD-00A1ED876CEB}.Release|Any CPU.ActiveCfg = Release|Any CPU
		{42225EB4-72CE-4395-99CD-00A1ED876CEB}.Release|Any CPU.Build.0 = Release|Any CPU
	EndGlobalSection
	GlobalSection(NestedProjects) = preSolution
		{DA454B91-38C1-43F3-B0E3-A637A771DE73} = {3A654C76-9569-4E99-85BE-1FC3221077CE}
		{0F9AA03B-CC94-478A-8B34-59851DF2563E} = {3A654C76-9569-4E99-85BE-1FC3221077CE}
		{5FC876A8-D9CF-46AB-95FD-3B267396E4D8} = {3A654C76-9569-4E99-85BE-1FC3221077CE}
		{E7C332E8-9DF0-4A98-8498-A3CB226EA9AD} = {3A654C76-9569-4E99-85BE-1FC3221077CE}
		{AFC1CDA9-849B-4D64-A202-33FEF4F68F25} = {E7C332E8-9DF0-4A98-8498-A3CB226EA9AD}
		{8B1125D1-35E7-4502-9CBB-789D1D8E6506} = {E7C332E8-9DF0-4A98-8498-A3CB226EA9AD}
		{2FA49A36-F8DD-4651-AE59-45C25CE86F2C} = {E7C332E8-9DF0-4A98-8498-A3CB226EA9AD}
		{F796A338-793F-4475-91A5-80D28DE7D32F} = {3A654C76-9569-4E99-85BE-1FC3221077CE}
		{35C1F3C4-5AAB-4F65-B6F0-627ACD7131B7} = {F796A338-793F-4475-91A5-80D28DE7D32F}
		{82C5068E-354A-46B6-A5C5-38B35422F9F3} = {F796A338-793F-4475-91A5-80D28DE7D32F}
		{6A03E5E5-CE63-41B3-9821-47974C3FFB4A} = {DA454B91-38C1-43F3-B0E3-A637A771DE73}
		{0E177EFC-15F7-454B-8A63-61D8F7DB9E14} = {0F9AA03B-CC94-478A-8B34-59851DF2563E}
		{E2E1C6CB-5D6D-4194-A040-41350A5F99C1} = {0F9AA03B-CC94-478A-8B34-59851DF2563E}
		{5CB0BD81-AE8B-4317-8E3C-B79C57666931} = {0F9AA03B-CC94-478A-8B34-59851DF2563E}
		{3EE50FB5-30E3-4537-97B2-FDBCF9EB3CF0} = {3A654C76-9569-4E99-85BE-1FC3221077CE}
		{BCA5BA73-5240-4931-9A6B-3FB1B57D10FE} = {3EE50FB5-30E3-4537-97B2-FDBCF9EB3CF0}
		{4BC5FE84-3B0F-4C94-8DB3-338E3A8B39AA} = {E7C332E8-9DF0-4A98-8498-A3CB226EA9AD}
		{14D1D57F-5E23-4FC4-9ED8-05307EA01C2B} = {0F9AA03B-CC94-478A-8B34-59851DF2563E}
		{C7EAA5EA-705C-4CDE-9AD5-447AE774D9C1} = {E7C332E8-9DF0-4A98-8498-A3CB226EA9AD}
		{AC655DD4-6243-4A68-B357-85AE9E34DBBB} = {0F9AA03B-CC94-478A-8B34-59851DF2563E}
		{EC771137-1D00-4EBC-A325-33D1EF0618C7} = {3A654C76-9569-4E99-85BE-1FC3221077CE}
		{5398BD6D-9920-4A31-A67A-61C10BD21CD4} = {EC771137-1D00-4EBC-A325-33D1EF0618C7}
		{42225EB4-72CE-4395-99CD-00A1ED876CEB} = {3A654C76-9569-4E99-85BE-1FC3221077CE}
	EndGlobalSection
EndGlobal
